{
  "version": 4,
  "terraform_version": "1.13.5",
  "serial": 3,
  "lineage": "23a05a23-9f8a-173a-a876-08e023de89c8",
  "outputs": {},
  "resources": [
    {
      "mode": "managed",
      "type": "proxmox_vm_qemu",
      "name": "lab_vm",
      "provider": "provider[\"registry.terraform.io/telmate/proxmox\"]",
      "instances": [
        {
          "status": "tainted",
          "schema_version": 0,
          "attributes": {
            "additional_wait": 5,
            "agent": 1,
            "agent_timeout": 90,
            "args": null,
            "automatic_reboot": true,
            "automatic_reboot_severity": "error",
            "balloon": 0,
            "bios": "seabios",
            "boot": "order=scsi0;net0",
            "bootdisk": null,
            "ci_wait": null,
            "cicustom": "user=local:snippets/user-config.yml",
            "cipassword": "student123",
            "ciupgrade": false,
            "ciuser": "student",
            "clone": "ubuntu-2204-cloudinit",
            "clone_id": null,
            "clone_wait": 10,
            "cores": 2,
            "cpu": [],
            "cpu_type": null,
            "current_node": null,
            "default_ipv4_address": null,
            "default_ipv6_address": null,
            "define_connection_info": true,
            "desc": null,
            "description": "Managed by Terraform.",
            "disk": [],
            "disks": [
              {
                "ide": [
                  {
                    "ide0": [],
                    "ide1": [],
                    "ide2": [
                      {
                        "cdrom": [],
                        "cloudinit": [
                          {
                            "storage": "local-lvm"
                          }
                        ],
                        "disk": [],
                        "ignore": false,
                        "passthrough": []
                      }
                    ],
                    "ide3": []
                  }
                ],
                "sata": [],
                "scsi": [
                  {
                    "scsi0": [
                      {
                        "cdrom": [],
                        "cloudinit": [],
                        "disk": [
                          {
                            "asyncio": "",
                            "backup": true,
                            "cache": "",
                            "discard": false,
                            "emulatessd": false,
                            "format": "raw",
                            "id": 0,
                            "iops_r_burst": 0,
                            "iops_r_burst_length": 0,
                            "iops_r_concurrent": 0,
                            "iops_wr_burst": 0,
                            "iops_wr_burst_length": 0,
                            "iops_wr_concurrent": 0,
                            "iothread": false,
                            "linked_disk_id": 0,
                            "mbps_r_burst": 0,
                            "mbps_r_concurrent": 0,
                            "mbps_wr_burst": 0,
                            "mbps_wr_concurrent": 0,
                            "readonly": false,
                            "replicate": false,
                            "serial": "",
                            "size": "20G",
                            "storage": "local-lvm",
                            "wwn": ""
                          }
                        ],
                        "ignore": false,
                        "passthrough": []
                      }
                    ],
                    "scsi1": [],
                    "scsi10": [],
                    "scsi11": [],
                    "scsi12": [],
                    "scsi13": [],
                    "scsi14": [],
                    "scsi15": [],
                    "scsi16": [],
                    "scsi17": [],
                    "scsi18": [],
                    "scsi19": [],
                    "scsi2": [],
                    "scsi20": [],
                    "scsi21": [],
                    "scsi22": [],
                    "scsi23": [],
                    "scsi24": [],
                    "scsi25": [],
                    "scsi26": [],
                    "scsi27": [],
                    "scsi28": [],
                    "scsi29": [],
                    "scsi3": [],
                    "scsi30": [],
                    "scsi4": [],
                    "scsi5": [],
                    "scsi6": [],
                    "scsi7": [],
                    "scsi8": [],
                    "scsi9": []
                  }
                ],
                "virtio": []
              }
            ],
            "efidisk": [],
            "force_create": false,
            "force_recreate_on_change_of": null,
            "full_clone": true,
            "hagroup": null,
            "hastate": null,
            "hostpci": [],
            "hotplug": "network,disk,usb",
            "id": "kurkin/qemu/200",
            "ipconfig0": "ip=dhcp",
            "ipconfig1": null,
            "ipconfig10": null,
            "ipconfig11": null,
            "ipconfig12": null,
            "ipconfig13": null,
            "ipconfig14": null,
            "ipconfig15": null,
            "ipconfig2": null,
            "ipconfig3": null,
            "ipconfig4": null,
            "ipconfig5": null,
            "ipconfig6": null,
            "ipconfig7": null,
            "ipconfig8": null,
            "ipconfig9": null,
            "kvm": true,
            "linked_vmid": null,
            "machine": null,
            "memory": 4096,
            "name": "lab-vm-terraform",
            "nameserver": null,
            "network": [
              {
                "bridge": "vmbr0",
                "firewall": false,
                "id": 0,
                "link_down": false,
                "macaddr": "",
                "model": "virtio",
                "mtu": 0,
                "queues": 0,
                "rate": 0,
                "tag": 0
              }
            ],
            "numa": null,
            "onboot": false,
            "os_network_config": null,
            "os_type": null,
            "pci": [],
            "pcis": [],
            "pool": null,
            "protection": false,
            "pxe": null,
            "qemu_os": null,
            "reboot_required": null,
            "rng": [],
            "scsihw": "virtio-scsi-single",
            "searchdomain": null,
            "serial": [],
            "skip_ipv4": false,
            "skip_ipv6": false,
            "smbios": null,
            "sockets": 1,
            "ssh_forward_ip": null,
            "ssh_host": null,
            "ssh_port": null,
            "ssh_private_key": null,
            "ssh_user": null,
            "sshkeys": "ssh-rsa AAAAB3NzaC1yc2EAAAADAQABAAACAQD2EGTDUjfbr2hPsk5TkWOfvaADuxn+cxJl/e7igWksAIeLw6oqLesu+6Q0unxJhV0weG3iE8Nr0AX4RKOtcH/4OHZOUhTmpm0pCVW9xSKm4iLO3hRPeA5w0sAR+npFfEYrFfQjE0T07wohexKhczlytYgtnoJ855lu+ST2MFJqxKy1SNW8rLDqkbtQhVa7alhVdDoi3hX2ClX8cS1vyCXc3uj8K05RAnTyRBOrSBkx3SECDMgKmsVAB3UIE2jW/TfGcCtWkFFVkSOu2hNwQ/VFbX2Xjv/o6G3Uisopc8+poMk0YesCCTabKGt1SePM+sYS3EJXmySQfm4mcVwGVq4GYyUKdUiIcfwTFQDfjtZU9Gy7z0lzZ1oIcKUCgZKQofnRnKZ07+Avx9TsoLsjIE3cfyvAycEtovKlxW5kmgb0uFjxp+s6vhrJbm1kpzSuCVCsqcFF1AvMuXNsJET08jFynzAjiFBDI+6Kjf0C/sOPW3BApDenvWvlmF9SaYvOYb4qzqfgcjmvRZpGbP9OopRguOBFHmwSX08Vt2qvVPHRaDo6PYg5YFotNP9ZqiF2ugzixmMM+S7oSAq/xMEpJW+rl3z4Ib9JFv5CPaEHkjy+MlZw4ld5L1PRAmSn73NcENRmr3HbGpYb/DafP8iYHhZa/uhH0Z1WgVB0vZ2i4WJNZQ== kurkin2005@bk.ru",
            "startup": null,
            "tablet": true,
            "tags": null,
            "target_node": "kurkin",
            "target_nodes": null,
            "timeouts": null,
            "tpm_state": [],
            "unused_disk": null,
            "usb": [],
            "usbs": [],
            "vcpus": null,
            "vga": [],
            "vm_state": "running",
            "vmid": 200
          },
          "sensitive_attributes": [
            [
              {
                "type": "get_attr",
                "value": "cipassword"
              }
            ],
            [
              {
                "type": "get_attr",
                "value": "ssh_private_key"
              }
            ]
          ],
          "identity_schema_version": 0,
          "private": "eyJlMmJmYjczMC1lY2FhLTExZTYtOGY4OC0zNDM2M2JjN2M0YzAiOnsiY3JlYXRlIjoxMjAwMDAwMDAwMDAwLCJkZWZhdWx0IjoxMjAwMDAwMDAwMDAwLCJkZWxldGUiOjEyMDAwMDAwMDAwMDAsInJlYWQiOjEyMDAwMDAwMDAwMDAsInVwZGF0ZSI6MTIwMDAwMDAwMDAwMH19"
        }
      ]
    }
  ],
  "check_results": null
}
